
Microsoft Visual Studio Solution File, Format Version 11.00
# Visual Studio 2010
Project("{6989167D-11E4-40FE-8C1A-2192A86A7E90}") = "range", "range.vfproj", "{61BE84F6-78D4-4FA1-B81E-1D3926524315}"
EndProject
Global
	GlobalSection(SolutionConfigurationPlatforms) = preSolution
		Debug|Win32 = Debug|Win32
		Release|Win32 = Release|Win32
	EndGlobalSection
	GlobalSection(ProjectConfigurationPlatforms) = postSolution
		{61BE84F6-78D4-4FA1-B81E-1D3926524315}.Debug|Win32.ActiveCfg = Debug|Win32
		{61BE84F6-78D4-4FA1-B81E-1D3926524315}.Debug|Win32.Build.0 = Debug|Win32
		{61BE84F6-78D4-4FA1-B81E-1D3926524315}.Release|Win32.ActiveCfg = Release|Win32
		{61BE84F6-78D4-4FA1-B81E-1D3926524315}.Release|Win32.Build.0 = Release|Win32
	EndGlobalSection
	GlobalSection(SolutionProperties) = preSolution
		HideSolutionNode = FALSE
	EndGlobalSection
EndGlobal
