
Microsoft Visual Studio Solution File, Format Version 12.00
# Visual Studio 2013
VisualStudioVersion = 12.0.40629.0
MinimumVisualStudioVersion = 10.0.40219.1
Project("{2150E333-8FDC-42A3-9474-1A3956D46DE8}") = "deps", "deps", "{F0FD6B17-398B-40AB-ACF1-03398B47494E}"
EndProject
Project("{6989167D-11E4-40FE-8C1A-2192A86A7E90}") = "libfopt", "..\fopt\libfopt.vfproj", "{BE90F1A8-DC67-45F4-B168-5D687878EAD8}"
EndProject
Project("{6989167D-11E4-40FE-8C1A-2192A86A7E90}") = "libAlamYLP", "libAlamYLP\libAlamYLP.vfproj", "{E4A7A5F8-156C-4CDF-BD7F-F815421EDC2E}"
	ProjectSection(ProjectDependencies) = postProject
		{3DAE2C65-0C11-4D04-ADC3-8E101AD55419} = {3DAE2C65-0C11-4D04-ADC3-8E101AD55419}
		{48A894A8-DEF0-4103-8323-DA4269DB06E8} = {48A894A8-DEF0-4103-8323-DA4269DB06E8}
		{BE90F1A8-DC67-45F4-B168-5D687878EAD8} = {BE90F1A8-DC67-45F4-B168-5D687878EAD8}
		{0F32BCF4-74C8-4668-A57A-410531D6D860} = {0F32BCF4-74C8-4668-A57A-410531D6D860}
	EndProjectSection
EndProject
Project("{6989167D-11E4-40FE-8C1A-2192A86A7E90}") = "alamDMC", "alamDMC\alamDMC.vfproj", "{5CDAD474-1A24-4AF1-848F-FA43F6EEE8AB}"
	ProjectSection(ProjectDependencies) = postProject
		{B26EB62B-886D-4C8B-A616-2E25BB5EC2D3} = {B26EB62B-886D-4C8B-A616-2E25BB5EC2D3}
		{02ACC83B-70B5-4D00-9674-8E9B3149031B} = {02ACC83B-70B5-4D00-9674-8E9B3149031B}
		{3DAE2C65-0C11-4D04-ADC3-8E101AD55419} = {3DAE2C65-0C11-4D04-ADC3-8E101AD55419}
		{F951AC66-E940-489A-AC99-A6AC837F1FB7} = {F951AC66-E940-489A-AC99-A6AC837F1FB7}
		{48A894A8-DEF0-4103-8323-DA4269DB06E8} = {48A894A8-DEF0-4103-8323-DA4269DB06E8}
		{BE90F1A8-DC67-45F4-B168-5D687878EAD8} = {BE90F1A8-DC67-45F4-B168-5D687878EAD8}
		{0F32BCF4-74C8-4668-A57A-410531D6D860} = {0F32BCF4-74C8-4668-A57A-410531D6D860}
		{E4A7A5F8-156C-4CDF-BD7F-F815421EDC2E} = {E4A7A5F8-156C-4CDF-BD7F-F815421EDC2E}
	EndProjectSection
EndProject
Project("{6989167D-11E4-40FE-8C1A-2192A86A7E90}") = "libaltay", "..\AlTay\libaltay\libaltay.vfproj", "{0F32BCF4-74C8-4668-A57A-410531D6D860}"
	ProjectSection(ProjectDependencies) = postProject
		{48A894A8-DEF0-4103-8323-DA4269DB06E8} = {48A894A8-DEF0-4103-8323-DA4269DB06E8}
	EndProjectSection
EndProject
Project("{6989167D-11E4-40FE-8C1A-2192A86A7E90}") = "libFCRI", "..\FCRI\libFCRI\libFCRI.vfproj", "{48A894A8-DEF0-4103-8323-DA4269DB06E8}"
EndProject
Project("{6989167D-11E4-40FE-8C1A-2192A86A7E90}") = "libAlamDMC", "libalamDMC\libalamDMC.vfproj", "{B26EB62B-886D-4C8B-A616-2E25BB5EC2D3}"
	ProjectSection(ProjectDependencies) = postProject
		{3DAE2C65-0C11-4D04-ADC3-8E101AD55419} = {3DAE2C65-0C11-4D04-ADC3-8E101AD55419}
		{48A894A8-DEF0-4103-8323-DA4269DB06E8} = {48A894A8-DEF0-4103-8323-DA4269DB06E8}
		{BE90F1A8-DC67-45F4-B168-5D687878EAD8} = {BE90F1A8-DC67-45F4-B168-5D687878EAD8}
		{0F32BCF4-74C8-4668-A57A-410531D6D860} = {0F32BCF4-74C8-4668-A57A-410531D6D860}
		{E4A7A5F8-156C-4CDF-BD7F-F815421EDC2E} = {E4A7A5F8-156C-4CDF-BD7F-F815421EDC2E}
	EndProjectSection
EndProject
Project("{6989167D-11E4-40FE-8C1A-2192A86A7E90}") = "fngCore", "..\fng\projects\libfngCore\fngCore.vfproj", "{3DAE2C65-0C11-4D04-ADC3-8E101AD55419}"
	ProjectSection(ProjectDependencies) = postProject
		{48A894A8-DEF0-4103-8323-DA4269DB06E8} = {48A894A8-DEF0-4103-8323-DA4269DB06E8}
	EndProjectSection
EndProject
Project("{2150E333-8FDC-42A3-9474-1A3956D46DE8}") = "python", "python", "{6B506E96-8065-4658-94CC-1A8FC6C232FA}"
EndProject
Project("{888888A0-9F3D-457C-B088-3A5042F75D52}") = "pyvef", "pyvef.pyproj", "{F4E5396C-681C-4396-89E2-4C4A50F88591}"
EndProject
Project("{888888A0-9F3D-457C-B088-3A5042F75D52}") = "scripts", "scripts.pyproj", "{916832B9-B724-48DF-861E-979726DBFD69}"
EndProject
Project("{6989167D-11E4-40FE-8C1A-2192A86A7E90}") = "libfslis", "..\slis\libfslis\libfslis.vfproj", "{F951AC66-E940-489A-AC99-A6AC837F1FB7}"
EndProject
Project("{8BC9CEB8-8B4A-11D0-8D11-00A0C91BC942}") = "libslis", "..\slis\slis.vcxproj", "{02ACC83B-70B5-4D00-9674-8E9B3149031B}"
EndProject
Global
	GlobalSection(SubversionScc) = preSolution
		Svn-Managed = True
		Manager = AnkhSVN - Subversion Support for Visual Studio
	EndGlobalSection
	GlobalSection(SolutionConfigurationPlatforms) = preSolution
		Debug_abaqus|Any CPU = Debug_abaqus|Any CPU
		Debug_abaqus|Mixed Platforms = Debug_abaqus|Mixed Platforms
		Debug_abaqus|Win32 = Debug_abaqus|Win32
		Debug_abaqus|x64 = Debug_abaqus|x64
		Debug|Any CPU = Debug|Any CPU
		Debug|Mixed Platforms = Debug|Mixed Platforms
		Debug|Win32 = Debug|Win32
		Debug|x64 = Debug|x64
		Release_abaqus|Any CPU = Release_abaqus|Any CPU
		Release_abaqus|Mixed Platforms = Release_abaqus|Mixed Platforms
		Release_abaqus|Win32 = Release_abaqus|Win32
		Release_abaqus|x64 = Release_abaqus|x64
		Release|Any CPU = Release|Any CPU
		Release|Mixed Platforms = Release|Mixed Platforms
		Release|Win32 = Release|Win32
		Release|x64 = Release|x64
		Release-instrumented|Any CPU = Release-instrumented|Any CPU
		Release-instrumented|Mixed Platforms = Release-instrumented|Mixed Platforms
		Release-instrumented|Win32 = Release-instrumented|Win32
		Release-instrumented|x64 = Release-instrumented|x64
	EndGlobalSection
	GlobalSection(ProjectConfigurationPlatforms) = postSolution
		{BE90F1A8-DC67-45F4-B168-5D687878EAD8}.Debug_abaqus|Any CPU.ActiveCfg = Debug|Win32
		{BE90F1A8-DC67-45F4-B168-5D687878EAD8}.Debug_abaqus|Mixed Platforms.ActiveCfg = Debug|Win32
		{BE90F1A8-DC67-45F4-B168-5D687878EAD8}.Debug_abaqus|Mixed Platforms.Build.0 = Debug|Win32
		{BE90F1A8-DC67-45F4-B168-5D687878EAD8}.Debug_abaqus|Win32.ActiveCfg = Debug|Win32
		{BE90F1A8-DC67-45F4-B168-5D687878EAD8}.Debug_abaqus|Win32.Build.0 = Debug|Win32
		{BE90F1A8-DC67-45F4-B168-5D687878EAD8}.Debug_abaqus|x64.ActiveCfg = Debug|x64
		{BE90F1A8-DC67-45F4-B168-5D687878EAD8}.Debug_abaqus|x64.Build.0 = Debug|x64
		{BE90F1A8-DC67-45F4-B168-5D687878EAD8}.Debug|Any CPU.ActiveCfg = Debug|Win32
		{BE90F1A8-DC67-45F4-B168-5D687878EAD8}.Debug|Mixed Platforms.ActiveCfg = Debug|Win32
		{BE90F1A8-DC67-45F4-B168-5D687878EAD8}.Debug|Mixed Platforms.Build.0 = Debug|Win32
		{BE90F1A8-DC67-45F4-B168-5D687878EAD8}.Debug|Win32.ActiveCfg = Debug|Win32
		{BE90F1A8-DC67-45F4-B168-5D687878EAD8}.Debug|Win32.Build.0 = Debug|Win32
		{BE90F1A8-DC67-45F4-B168-5D687878EAD8}.Debug|x64.ActiveCfg = Debug|x64
		{BE90F1A8-DC67-45F4-B168-5D687878EAD8}.Debug|x64.Build.0 = Debug|x64
		{BE90F1A8-DC67-45F4-B168-5D687878EAD8}.Release_abaqus|Any CPU.ActiveCfg = Release-instrumented|Win32
		{BE90F1A8-DC67-45F4-B168-5D687878EAD8}.Release_abaqus|Mixed Platforms.ActiveCfg = Release-instrumented|Win32
		{BE90F1A8-DC67-45F4-B168-5D687878EAD8}.Release_abaqus|Mixed Platforms.Build.0 = Release-instrumented|Win32
		{BE90F1A8-DC67-45F4-B168-5D687878EAD8}.Release_abaqus|Win32.ActiveCfg = Release|Win32
		{BE90F1A8-DC67-45F4-B168-5D687878EAD8}.Release_abaqus|Win32.Build.0 = Release|Win32
		{BE90F1A8-DC67-45F4-B168-5D687878EAD8}.Release_abaqus|x64.ActiveCfg = Release|x64
		{BE90F1A8-DC67-45F4-B168-5D687878EAD8}.Release_abaqus|x64.Build.0 = Release|x64
		{BE90F1A8-DC67-45F4-B168-5D687878EAD8}.Release|Any CPU.ActiveCfg = Release|Win32
		{BE90F1A8-DC67-45F4-B168-5D687878EAD8}.Release|Mixed Platforms.ActiveCfg = Release|Win32
		{BE90F1A8-DC67-45F4-B168-5D687878EAD8}.Release|Mixed Platforms.Build.0 = Release|Win32
		{BE90F1A8-DC67-45F4-B168-5D687878EAD8}.Release|Win32.ActiveCfg = Release|Win32
		{BE90F1A8-DC67-45F4-B168-5D687878EAD8}.Release|Win32.Build.0 = Release|Win32
		{BE90F1A8-DC67-45F4-B168-5D687878EAD8}.Release|x64.ActiveCfg = Release|x64
		{BE90F1A8-DC67-45F4-B168-5D687878EAD8}.Release|x64.Build.0 = Release|x64
		{BE90F1A8-DC67-45F4-B168-5D687878EAD8}.Release-instrumented|Any CPU.ActiveCfg = Release-instrumented|Win32
		{BE90F1A8-DC67-45F4-B168-5D687878EAD8}.Release-instrumented|Mixed Platforms.ActiveCfg = Release-instrumented|Win32
		{BE90F1A8-DC67-45F4-B168-5D687878EAD8}.Release-instrumented|Mixed Platforms.Build.0 = Release-instrumented|Win32
		{BE90F1A8-DC67-45F4-B168-5D687878EAD8}.Release-instrumented|Win32.ActiveCfg = Release-instrumented|Win32
		{BE90F1A8-DC67-45F4-B168-5D687878EAD8}.Release-instrumented|Win32.Build.0 = Release-instrumented|Win32
		{BE90F1A8-DC67-45F4-B168-5D687878EAD8}.Release-instrumented|x64.ActiveCfg = Release-instrumented|x64
		{BE90F1A8-DC67-45F4-B168-5D687878EAD8}.Release-instrumented|x64.Build.0 = Release-instrumented|x64
		{E4A7A5F8-156C-4CDF-BD7F-F815421EDC2E}.Debug_abaqus|Any CPU.ActiveCfg = Debug|Win32
		{E4A7A5F8-156C-4CDF-BD7F-F815421EDC2E}.Debug_abaqus|Mixed Platforms.ActiveCfg = Debug|Win32
		{E4A7A5F8-156C-4CDF-BD7F-F815421EDC2E}.Debug_abaqus|Mixed Platforms.Build.0 = Debug|Win32
		{E4A7A5F8-156C-4CDF-BD7F-F815421EDC2E}.Debug_abaqus|Win32.ActiveCfg = Debug|Win32
		{E4A7A5F8-156C-4CDF-BD7F-F815421EDC2E}.Debug_abaqus|Win32.Build.0 = Debug|Win32
		{E4A7A5F8-156C-4CDF-BD7F-F815421EDC2E}.Debug_abaqus|x64.ActiveCfg = Debug|x64
		{E4A7A5F8-156C-4CDF-BD7F-F815421EDC2E}.Debug_abaqus|x64.Build.0 = Debug|x64
		{E4A7A5F8-156C-4CDF-BD7F-F815421EDC2E}.Debug|Any CPU.ActiveCfg = Debug|Win32
		{E4A7A5F8-156C-4CDF-BD7F-F815421EDC2E}.Debug|Mixed Platforms.ActiveCfg = Debug|Win32
		{E4A7A5F8-156C-4CDF-BD7F-F815421EDC2E}.Debug|Mixed Platforms.Build.0 = Debug|Win32
		{E4A7A5F8-156C-4CDF-BD7F-F815421EDC2E}.Debug|Win32.ActiveCfg = Debug|Win32
		{E4A7A5F8-156C-4CDF-BD7F-F815421EDC2E}.Debug|Win32.Build.0 = Debug|Win32
		{E4A7A5F8-156C-4CDF-BD7F-F815421EDC2E}.Debug|x64.ActiveCfg = Debug|x64
		{E4A7A5F8-156C-4CDF-BD7F-F815421EDC2E}.Debug|x64.Build.0 = Debug|x64
		{E4A7A5F8-156C-4CDF-BD7F-F815421EDC2E}.Release_abaqus|Any CPU.ActiveCfg = Release-instrumented|Win32
		{E4A7A5F8-156C-4CDF-BD7F-F815421EDC2E}.Release_abaqus|Mixed Platforms.ActiveCfg = Release-instrumented|Win32
		{E4A7A5F8-156C-4CDF-BD7F-F815421EDC2E}.Release_abaqus|Mixed Platforms.Build.0 = Release-instrumented|Win32
		{E4A7A5F8-156C-4CDF-BD7F-F815421EDC2E}.Release_abaqus|Win32.ActiveCfg = Release|Win32
		{E4A7A5F8-156C-4CDF-BD7F-F815421EDC2E}.Release_abaqus|Win32.Build.0 = Release|Win32
		{E4A7A5F8-156C-4CDF-BD7F-F815421EDC2E}.Release_abaqus|x64.ActiveCfg = Release|x64
		{E4A7A5F8-156C-4CDF-BD7F-F815421EDC2E}.Release_abaqus|x64.Build.0 = Release|x64
		{E4A7A5F8-156C-4CDF-BD7F-F815421EDC2E}.Release|Any CPU.ActiveCfg = Release|Win32
		{E4A7A5F8-156C-4CDF-BD7F-F815421EDC2E}.Release|Mixed Platforms.ActiveCfg = Release|Win32
		{E4A7A5F8-156C-4CDF-BD7F-F815421EDC2E}.Release|Mixed Platforms.Build.0 = Release|Win32
		{E4A7A5F8-156C-4CDF-BD7F-F815421EDC2E}.Release|Win32.ActiveCfg = Release|Win32
		{E4A7A5F8-156C-4CDF-BD7F-F815421EDC2E}.Release|Win32.Build.0 = Release|Win32
		{E4A7A5F8-156C-4CDF-BD7F-F815421EDC2E}.Release|x64.ActiveCfg = Release|x64
		{E4A7A5F8-156C-4CDF-BD7F-F815421EDC2E}.Release|x64.Build.0 = Release|x64
		{E4A7A5F8-156C-4CDF-BD7F-F815421EDC2E}.Release-instrumented|Any CPU.ActiveCfg = Release-instrumented|Win32
		{E4A7A5F8-156C-4CDF-BD7F-F815421EDC2E}.Release-instrumented|Mixed Platforms.ActiveCfg = Release-instrumented|Win32
		{E4A7A5F8-156C-4CDF-BD7F-F815421EDC2E}.Release-instrumented|Mixed Platforms.Build.0 = Release-instrumented|Win32
		{E4A7A5F8-156C-4CDF-BD7F-F815421EDC2E}.Release-instrumented|Win32.ActiveCfg = Release-instrumented|Win32
		{E4A7A5F8-156C-4CDF-BD7F-F815421EDC2E}.Release-instrumented|Win32.Build.0 = Release-instrumented|Win32
		{E4A7A5F8-156C-4CDF-BD7F-F815421EDC2E}.Release-instrumented|x64.ActiveCfg = Release-instrumented|x64
		{E4A7A5F8-156C-4CDF-BD7F-F815421EDC2E}.Release-instrumented|x64.Build.0 = Release-instrumented|x64
		{5CDAD474-1A24-4AF1-848F-FA43F6EEE8AB}.Debug_abaqus|Any CPU.ActiveCfg = Debug|Win32
		{5CDAD474-1A24-4AF1-848F-FA43F6EEE8AB}.Debug_abaqus|Mixed Platforms.ActiveCfg = Debug|Win32
		{5CDAD474-1A24-4AF1-848F-FA43F6EEE8AB}.Debug_abaqus|Mixed Platforms.Build.0 = Debug|Win32
		{5CDAD474-1A24-4AF1-848F-FA43F6EEE8AB}.Debug_abaqus|Win32.ActiveCfg = Debug|Win32
		{5CDAD474-1A24-4AF1-848F-FA43F6EEE8AB}.Debug_abaqus|Win32.Build.0 = Debug|Win32
		{5CDAD474-1A24-4AF1-848F-FA43F6EEE8AB}.Debug_abaqus|x64.ActiveCfg = Debug|x64
		{5CDAD474-1A24-4AF1-848F-FA43F6EEE8AB}.Debug_abaqus|x64.Build.0 = Debug|x64
		{5CDAD474-1A24-4AF1-848F-FA43F6EEE8AB}.Debug|Any CPU.ActiveCfg = Debug|Win32
		{5CDAD474-1A24-4AF1-848F-FA43F6EEE8AB}.Debug|Mixed Platforms.ActiveCfg = Debug|Win32
		{5CDAD474-1A24-4AF1-848F-FA43F6EEE8AB}.Debug|Mixed Platforms.Build.0 = Debug|Win32
		{5CDAD474-1A24-4AF1-848F-FA43F6EEE8AB}.Debug|Win32.ActiveCfg = Debug|Win32
		{5CDAD474-1A24-4AF1-848F-FA43F6EEE8AB}.Debug|Win32.Build.0 = Debug|Win32
		{5CDAD474-1A24-4AF1-848F-FA43F6EEE8AB}.Debug|x64.ActiveCfg = Debug|x64
		{5CDAD474-1A24-4AF1-848F-FA43F6EEE8AB}.Debug|x64.Build.0 = Debug|x64
		{5CDAD474-1A24-4AF1-848F-FA43F6EEE8AB}.Release_abaqus|Any CPU.ActiveCfg = Release-instrumented|Win32
		{5CDAD474-1A24-4AF1-848F-FA43F6EEE8AB}.Release_abaqus|Mixed Platforms.ActiveCfg = Release-instrumented|Win32
		{5CDAD474-1A24-4AF1-848F-FA43F6EEE8AB}.Release_abaqus|Mixed Platforms.Build.0 = Release-instrumented|Win32
		{5CDAD474-1A24-4AF1-848F-FA43F6EEE8AB}.Release_abaqus|Win32.ActiveCfg = Release|Win32
		{5CDAD474-1A24-4AF1-848F-FA43F6EEE8AB}.Release_abaqus|Win32.Build.0 = Release|Win32
		{5CDAD474-1A24-4AF1-848F-FA43F6EEE8AB}.Release_abaqus|x64.ActiveCfg = Release|x64
		{5CDAD474-1A24-4AF1-848F-FA43F6EEE8AB}.Release_abaqus|x64.Build.0 = Release|x64
		{5CDAD474-1A24-4AF1-848F-FA43F6EEE8AB}.Release|Any CPU.ActiveCfg = Release|Win32
		{5CDAD474-1A24-4AF1-848F-FA43F6EEE8AB}.Release|Mixed Platforms.ActiveCfg = Release|Win32
		{5CDAD474-1A24-4AF1-848F-FA43F6EEE8AB}.Release|Mixed Platforms.Build.0 = Release|Win32
		{5CDAD474-1A24-4AF1-848F-FA43F6EEE8AB}.Release|Win32.ActiveCfg = Release|Win32
		{5CDAD474-1A24-4AF1-848F-FA43F6EEE8AB}.Release|Win32.Build.0 = Release|Win32
		{5CDAD474-1A24-4AF1-848F-FA43F6EEE8AB}.Release|x64.ActiveCfg = Release|x64
		{5CDAD474-1A24-4AF1-848F-FA43F6EEE8AB}.Release|x64.Build.0 = Release|x64
		{5CDAD474-1A24-4AF1-848F-FA43F6EEE8AB}.Release-instrumented|Any CPU.ActiveCfg = Release-instrumented|Win32
		{5CDAD474-1A24-4AF1-848F-FA43F6EEE8AB}.Release-instrumented|Mixed Platforms.ActiveCfg = Release-instrumented|Win32
		{5CDAD474-1A24-4AF1-848F-FA43F6EEE8AB}.Release-instrumented|Mixed Platforms.Build.0 = Release-instrumented|Win32
		{5CDAD474-1A24-4AF1-848F-FA43F6EEE8AB}.Release-instrumented|Win32.ActiveCfg = Release-instrumented|Win32
		{5CDAD474-1A24-4AF1-848F-FA43F6EEE8AB}.Release-instrumented|Win32.Build.0 = Release-instrumented|Win32
		{5CDAD474-1A24-4AF1-848F-FA43F6EEE8AB}.Release-instrumented|x64.ActiveCfg = Release-instrumented|x64
		{5CDAD474-1A24-4AF1-848F-FA43F6EEE8AB}.Release-instrumented|x64.Build.0 = Release-instrumented|x64
		{0F32BCF4-74C8-4668-A57A-410531D6D860}.Debug_abaqus|Any CPU.ActiveCfg = Debug|Win32
		{0F32BCF4-74C8-4668-A57A-410531D6D860}.Debug_abaqus|Mixed Platforms.ActiveCfg = Debug|Win32
		{0F32BCF4-74C8-4668-A57A-410531D6D860}.Debug_abaqus|Mixed Platforms.Build.0 = Debug|Win32
		{0F32BCF4-74C8-4668-A57A-410531D6D860}.Debug_abaqus|Win32.ActiveCfg = Debug|Win32
		{0F32BCF4-74C8-4668-A57A-410531D6D860}.Debug_abaqus|Win32.Build.0 = Debug|Win32
		{0F32BCF4-74C8-4668-A57A-410531D6D860}.Debug_abaqus|x64.ActiveCfg = Debug|x64
		{0F32BCF4-74C8-4668-A57A-410531D6D860}.Debug_abaqus|x64.Build.0 = Debug|x64
		{0F32BCF4-74C8-4668-A57A-410531D6D860}.Debug|Any CPU.ActiveCfg = Debug|Win32
		{0F32BCF4-74C8-4668-A57A-410531D6D860}.Debug|Mixed Platforms.ActiveCfg = Debug|Win32
		{0F32BCF4-74C8-4668-A57A-410531D6D860}.Debug|Mixed Platforms.Build.0 = Debug|Win32
		{0F32BCF4-74C8-4668-A57A-410531D6D860}.Debug|Win32.ActiveCfg = Release-debug-libraries|Win32
		{0F32BCF4-74C8-4668-A57A-410531D6D860}.Debug|Win32.Build.0 = Release-debug-libraries|Win32
		{0F32BCF4-74C8-4668-A57A-410531D6D860}.Debug|x64.ActiveCfg = Debug|x64
		{0F32BCF4-74C8-4668-A57A-410531D6D860}.Debug|x64.Build.0 = Debug|x64
		{0F32BCF4-74C8-4668-A57A-410531D6D860}.Release_abaqus|Any CPU.ActiveCfg = Release-instrumented|Win32
		{0F32BCF4-74C8-4668-A57A-410531D6D860}.Release_abaqus|Mixed Platforms.ActiveCfg = Release-instrumented|Win32
		{0F32BCF4-74C8-4668-A57A-410531D6D860}.Release_abaqus|Mixed Platforms.Build.0 = Release-instrumented|Win32
		{0F32BCF4-74C8-4668-A57A-410531D6D860}.Release_abaqus|Win32.ActiveCfg = Release-Amplifier|Win32
		{0F32BCF4-74C8-4668-A57A-410531D6D860}.Release_abaqus|Win32.Build.0 = Release-Amplifier|Win32
		{0F32BCF4-74C8-4668-A57A-410531D6D860}.Release_abaqus|x64.ActiveCfg = Release-Amplifier|x64
		{0F32BCF4-74C8-4668-A57A-410531D6D860}.Release_abaqus|x64.Build.0 = Release-Amplifier|x64
		{0F32BCF4-74C8-4668-A57A-410531D6D860}.Release|Any CPU.ActiveCfg = Release|Win32
		{0F32BCF4-74C8-4668-A57A-410531D6D860}.Release|Mixed Platforms.ActiveCfg = Release|Win32
		{0F32BCF4-74C8-4668-A57A-410531D6D860}.Release|Mixed Platforms.Build.0 = Release|Win32
		{0F32BCF4-74C8-4668-A57A-410531D6D860}.Release|Win32.ActiveCfg = Release|Win32
		{0F32BCF4-74C8-4668-A57A-410531D6D860}.Release|Win32.Build.0 = Release|Win32
		{0F32BCF4-74C8-4668-A57A-410531D6D860}.Release|x64.ActiveCfg = Release|x64
		{0F32BCF4-74C8-4668-A57A-410531D6D860}.Release|x64.Build.0 = Release|x64
		{0F32BCF4-74C8-4668-A57A-410531D6D860}.Release-instrumented|Any CPU.ActiveCfg = Release-instrumented|Win32
		{0F32BCF4-74C8-4668-A57A-410531D6D860}.Release-instrumented|Mixed Platforms.ActiveCfg = Release-instrumented|Win32
		{0F32BCF4-74C8-4668-A57A-410531D6D860}.Release-instrumented|Mixed Platforms.Build.0 = Release-instrumented|Win32
		{0F32BCF4-74C8-4668-A57A-410531D6D860}.Release-instrumented|Win32.ActiveCfg = Release-instrumented|Win32
		{0F32BCF4-74C8-4668-A57A-410531D6D860}.Release-instrumented|Win32.Build.0 = Release-instrumented|Win32
		{0F32BCF4-74C8-4668-A57A-410531D6D860}.Release-instrumented|x64.ActiveCfg = Release-instrumented|x64
		{0F32BCF4-74C8-4668-A57A-410531D6D860}.Release-instrumented|x64.Build.0 = Release-instrumented|x64
		{48A894A8-DEF0-4103-8323-DA4269DB06E8}.Debug_abaqus|Any CPU.ActiveCfg = Debug_abaqus|Win32
		{48A894A8-DEF0-4103-8323-DA4269DB06E8}.Debug_abaqus|Mixed Platforms.ActiveCfg = Debug_abaqus|Win32
		{48A894A8-DEF0-4103-8323-DA4269DB06E8}.Debug_abaqus|Mixed Platforms.Build.0 = Debug_abaqus|Win32
		{48A894A8-DEF0-4103-8323-DA4269DB06E8}.Debug_abaqus|Win32.ActiveCfg = Debug_abaqus|Win32
		{48A894A8-DEF0-4103-8323-DA4269DB06E8}.Debug_abaqus|Win32.Build.0 = Debug_abaqus|Win32
		{48A894A8-DEF0-4103-8323-DA4269DB06E8}.Debug_abaqus|x64.ActiveCfg = Debug_abaqus|x64
		{48A894A8-DEF0-4103-8323-DA4269DB06E8}.Debug_abaqus|x64.Build.0 = Debug_abaqus|x64
		{48A894A8-DEF0-4103-8323-DA4269DB06E8}.Debug|Any CPU.ActiveCfg = Debug|Win32
		{48A894A8-DEF0-4103-8323-DA4269DB06E8}.Debug|Mixed Platforms.ActiveCfg = Debug|Win32
		{48A894A8-DEF0-4103-8323-DA4269DB06E8}.Debug|Mixed Platforms.Build.0 = Debug|Win32
		{48A894A8-DEF0-4103-8323-DA4269DB06E8}.Debug|Win32.ActiveCfg = Debug|Win32
		{48A894A8-DEF0-4103-8323-DA4269DB06E8}.Debug|Win32.Build.0 = Debug|Win32
		{48A894A8-DEF0-4103-8323-DA4269DB06E8}.Debug|x64.ActiveCfg = Debug|x64
		{48A894A8-DEF0-4103-8323-DA4269DB06E8}.Debug|x64.Build.0 = Debug|x64
		{48A894A8-DEF0-4103-8323-DA4269DB06E8}.Release_abaqus|Any CPU.ActiveCfg = Release_abaqus|Win32
		{48A894A8-DEF0-4103-8323-DA4269DB06E8}.Release_abaqus|Mixed Platforms.ActiveCfg = Release_abaqus|Win32
		{48A894A8-DEF0-4103-8323-DA4269DB06E8}.Release_abaqus|Mixed Platforms.Build.0 = Release_abaqus|Win32
		{48A894A8-DEF0-4103-8323-DA4269DB06E8}.Release_abaqus|Win32.ActiveCfg = Release_abaqus|Win32
		{48A894A8-DEF0-4103-8323-DA4269DB06E8}.Release_abaqus|Win32.Build.0 = Release_abaqus|Win32
		{48A894A8-DEF0-4103-8323-DA4269DB06E8}.Release_abaqus|x64.ActiveCfg = Release_abaqus|x64
		{48A894A8-DEF0-4103-8323-DA4269DB06E8}.Release_abaqus|x64.Build.0 = Release_abaqus|x64
		{48A894A8-DEF0-4103-8323-DA4269DB06E8}.Release|Any CPU.ActiveCfg = Release|Win32
		{48A894A8-DEF0-4103-8323-DA4269DB06E8}.Release|Mixed Platforms.ActiveCfg = Release|Win32
		{48A894A8-DEF0-4103-8323-DA4269DB06E8}.Release|Mixed Platforms.Build.0 = Release|Win32
		{48A894A8-DEF0-4103-8323-DA4269DB06E8}.Release|Win32.ActiveCfg = Release|Win32
		{48A894A8-DEF0-4103-8323-DA4269DB06E8}.Release|Win32.Build.0 = Release|Win32
		{48A894A8-DEF0-4103-8323-DA4269DB06E8}.Release|x64.ActiveCfg = Release|x64
		{48A894A8-DEF0-4103-8323-DA4269DB06E8}.Release|x64.Build.0 = Release|x64
		{48A894A8-DEF0-4103-8323-DA4269DB06E8}.Release-instrumented|Any CPU.ActiveCfg = Release-instrumented|Win32
		{48A894A8-DEF0-4103-8323-DA4269DB06E8}.Release-instrumented|Mixed Platforms.ActiveCfg = Release-instrumented|Win32
		{48A894A8-DEF0-4103-8323-DA4269DB06E8}.Release-instrumented|Mixed Platforms.Build.0 = Release-instrumented|Win32
		{48A894A8-DEF0-4103-8323-DA4269DB06E8}.Release-instrumented|Win32.ActiveCfg = Release-instrumented|Win32
		{48A894A8-DEF0-4103-8323-DA4269DB06E8}.Release-instrumented|Win32.Build.0 = Release-instrumented|Win32
		{48A894A8-DEF0-4103-8323-DA4269DB06E8}.Release-instrumented|x64.ActiveCfg = Release-instrumented|x64
		{48A894A8-DEF0-4103-8323-DA4269DB06E8}.Release-instrumented|x64.Build.0 = Release-instrumented|x64
		{B26EB62B-886D-4C8B-A616-2E25BB5EC2D3}.Debug_abaqus|Any CPU.ActiveCfg = Debug|Win32
		{B26EB62B-886D-4C8B-A616-2E25BB5EC2D3}.Debug_abaqus|Mixed Platforms.ActiveCfg = Debug|Win32
		{B26EB62B-886D-4C8B-A616-2E25BB5EC2D3}.Debug_abaqus|Mixed Platforms.Build.0 = Debug|Win32
		{B26EB62B-886D-4C8B-A616-2E25BB5EC2D3}.Debug_abaqus|Win32.ActiveCfg = Debug|Win32
		{B26EB62B-886D-4C8B-A616-2E25BB5EC2D3}.Debug_abaqus|Win32.Build.0 = Debug|Win32
		{B26EB62B-886D-4C8B-A616-2E25BB5EC2D3}.Debug_abaqus|x64.ActiveCfg = Debug|x64
		{B26EB62B-886D-4C8B-A616-2E25BB5EC2D3}.Debug_abaqus|x64.Build.0 = Debug|x64
		{B26EB62B-886D-4C8B-A616-2E25BB5EC2D3}.Debug|Any CPU.ActiveCfg = Debug|Win32
		{B26EB62B-886D-4C8B-A616-2E25BB5EC2D3}.Debug|Mixed Platforms.ActiveCfg = Debug|Win32
		{B26EB62B-886D-4C8B-A616-2E25BB5EC2D3}.Debug|Mixed Platforms.Build.0 = Debug|Win32
		{B26EB62B-886D-4C8B-A616-2E25BB5EC2D3}.Debug|Win32.ActiveCfg = Debug|Win32
		{B26EB62B-886D-4C8B-A616-2E25BB5EC2D3}.Debug|Win32.Build.0 = Debug|Win32
		{B26EB62B-886D-4C8B-A616-2E25BB5EC2D3}.Debug|x64.ActiveCfg = Debug|x64
		{B26EB62B-886D-4C8B-A616-2E25BB5EC2D3}.Debug|x64.Build.0 = Debug|x64
		{B26EB62B-886D-4C8B-A616-2E25BB5EC2D3}.Release_abaqus|Any CPU.ActiveCfg = Release-instrumented|Win32
		{B26EB62B-886D-4C8B-A616-2E25BB5EC2D3}.Release_abaqus|Mixed Platforms.ActiveCfg = Release-instrumented|Win32
		{B26EB62B-886D-4C8B-A616-2E25BB5EC2D3}.Release_abaqus|Mixed Platforms.Build.0 = Release-instrumented|Win32
		{B26EB62B-886D-4C8B-A616-2E25BB5EC2D3}.Release_abaqus|Win32.ActiveCfg = Release|Win32
		{B26EB62B-886D-4C8B-A616-2E25BB5EC2D3}.Release_abaqus|Win32.Build.0 = Release|Win32
		{B26EB62B-886D-4C8B-A616-2E25BB5EC2D3}.Release_abaqus|x64.ActiveCfg = Release|x64
		{B26EB62B-886D-4C8B-A616-2E25BB5EC2D3}.Release_abaqus|x64.Build.0 = Release|x64
		{B26EB62B-886D-4C8B-A616-2E25BB5EC2D3}.Release|Any CPU.ActiveCfg = Release|Win32
		{B26EB62B-886D-4C8B-A616-2E25BB5EC2D3}.Release|Mixed Platforms.ActiveCfg = Release|Win32
		{B26EB62B-886D-4C8B-A616-2E25BB5EC2D3}.Release|Mixed Platforms.Build.0 = Release|Win32
		{B26EB62B-886D-4C8B-A616-2E25BB5EC2D3}.Release|Win32.ActiveCfg = Release|Win32
		{B26EB62B-886D-4C8B-A616-2E25BB5EC2D3}.Release|Win32.Build.0 = Release|Win32
		{B26EB62B-886D-4C8B-A616-2E25BB5EC2D3}.Release|x64.ActiveCfg = Release|x64
		{B26EB62B-886D-4C8B-A616-2E25BB5EC2D3}.Release|x64.Build.0 = Release|x64
		{B26EB62B-886D-4C8B-A616-2E25BB5EC2D3}.Release-instrumented|Any CPU.ActiveCfg = Release-instrumented|Win32
		{B26EB62B-886D-4C8B-A616-2E25BB5EC2D3}.Release-instrumented|Mixed Platforms.ActiveCfg = Release-instrumented|Win32
		{B26EB62B-886D-4C8B-A616-2E25BB5EC2D3}.Release-instrumented|Mixed Platforms.Build.0 = Release-instrumented|Win32
		{B26EB62B-886D-4C8B-A616-2E25BB5EC2D3}.Release-instrumented|Win32.ActiveCfg = Release-instrumented|Win32
		{B26EB62B-886D-4C8B-A616-2E25BB5EC2D3}.Release-instrumented|Win32.Build.0 = Release-instrumented|Win32
		{B26EB62B-886D-4C8B-A616-2E25BB5EC2D3}.Release-instrumented|x64.ActiveCfg = Release-instrumented|x64
		{B26EB62B-886D-4C8B-A616-2E25BB5EC2D3}.Release-instrumented|x64.Build.0 = Release-instrumented|x64
		{3DAE2C65-0C11-4D04-ADC3-8E101AD55419}.Debug_abaqus|Any CPU.ActiveCfg = Debug_abaqus|Win32
		{3DAE2C65-0C11-4D04-ADC3-8E101AD55419}.Debug_abaqus|Mixed Platforms.ActiveCfg = Debug_abaqus|Win32
		{3DAE2C65-0C11-4D04-ADC3-8E101AD55419}.Debug_abaqus|Mixed Platforms.Build.0 = Debug_abaqus|Win32
		{3DAE2C65-0C11-4D04-ADC3-8E101AD55419}.Debug_abaqus|Win32.ActiveCfg = Debug_abaqus|Win32
		{3DAE2C65-0C11-4D04-ADC3-8E101AD55419}.Debug_abaqus|Win32.Build.0 = Debug_abaqus|Win32
		{3DAE2C65-0C11-4D04-ADC3-8E101AD55419}.Debug_abaqus|x64.ActiveCfg = Debug_abaqus|x64
		{3DAE2C65-0C11-4D04-ADC3-8E101AD55419}.Debug_abaqus|x64.Build.0 = Debug_abaqus|x64
		{3DAE2C65-0C11-4D04-ADC3-8E101AD55419}.Debug|Any CPU.ActiveCfg = Debug|Win32
		{3DAE2C65-0C11-4D04-ADC3-8E101AD55419}.Debug|Mixed Platforms.ActiveCfg = Debug|Win32
		{3DAE2C65-0C11-4D04-ADC3-8E101AD55419}.Debug|Mixed Platforms.Build.0 = Debug|Win32
		{3DAE2C65-0C11-4D04-ADC3-8E101AD55419}.Debug|Win32.ActiveCfg = Debug|Win32
		{3DAE2C65-0C11-4D04-ADC3-8E101AD55419}.Debug|Win32.Build.0 = Debug|Win32
		{3DAE2C65-0C11-4D04-ADC3-8E101AD55419}.Debug|x64.ActiveCfg = Debug|x64
		{3DAE2C65-0C11-4D04-ADC3-8E101AD55419}.Debug|x64.Build.0 = Debug|x64
		{3DAE2C65-0C11-4D04-ADC3-8E101AD55419}.Release_abaqus|Any CPU.ActiveCfg = Release_abaqus|Win32
		{3DAE2C65-0C11-4D04-ADC3-8E101AD55419}.Release_abaqus|Mixed Platforms.ActiveCfg = Release_abaqus|Win32
		{3DAE2C65-0C11-4D04-ADC3-8E101AD55419}.Release_abaqus|Mixed Platforms.Build.0 = Release_abaqus|Win32
		{3DAE2C65-0C11-4D04-ADC3-8E101AD55419}.Release_abaqus|Win32.ActiveCfg = Release_abaqus|Win32
		{3DAE2C65-0C11-4D04-ADC3-8E101AD55419}.Release_abaqus|Win32.Build.0 = Release_abaqus|Win32
		{3DAE2C65-0C11-4D04-ADC3-8E101AD55419}.Release_abaqus|x64.ActiveCfg = Release_abaqus|x64
		{3DAE2C65-0C11-4D04-ADC3-8E101AD55419}.Release_abaqus|x64.Build.0 = Release_abaqus|x64
		{3DAE2C65-0C11-4D04-ADC3-8E101AD55419}.Release|Any CPU.ActiveCfg = Release|Win32
		{3DAE2C65-0C11-4D04-ADC3-8E101AD55419}.Release|Mixed Platforms.ActiveCfg = Release|Win32
		{3DAE2C65-0C11-4D04-ADC3-8E101AD55419}.Release|Mixed Platforms.Build.0 = Release|Win32
		{3DAE2C65-0C11-4D04-ADC3-8E101AD55419}.Release|Win32.ActiveCfg = Release|Win32
		{3DAE2C65-0C11-4D04-ADC3-8E101AD55419}.Release|Win32.Build.0 = Release|Win32
		{3DAE2C65-0C11-4D04-ADC3-8E101AD55419}.Release|x64.ActiveCfg = Release|x64
		{3DAE2C65-0C11-4D04-ADC3-8E101AD55419}.Release|x64.Build.0 = Release|x64
		{3DAE2C65-0C11-4D04-ADC3-8E101AD55419}.Release-instrumented|Any CPU.ActiveCfg = Release-instrumented|Win32
		{3DAE2C65-0C11-4D04-ADC3-8E101AD55419}.Release-instrumented|Mixed Platforms.ActiveCfg = Release-instrumented|Win32
		{3DAE2C65-0C11-4D04-ADC3-8E101AD55419}.Release-instrumented|Mixed Platforms.Build.0 = Release-instrumented|Win32
		{3DAE2C65-0C11-4D04-ADC3-8E101AD55419}.Release-instrumented|Win32.ActiveCfg = Release-instrumented|Win32
		{3DAE2C65-0C11-4D04-ADC3-8E101AD55419}.Release-instrumented|Win32.Build.0 = Release-instrumented|Win32
		{3DAE2C65-0C11-4D04-ADC3-8E101AD55419}.Release-instrumented|x64.ActiveCfg = Release-instrumented|x64
		{3DAE2C65-0C11-4D04-ADC3-8E101AD55419}.Release-instrumented|x64.Build.0 = Release-instrumented|x64
		{F4E5396C-681C-4396-89E2-4C4A50F88591}.Debug_abaqus|Any CPU.ActiveCfg = Debug|Any CPU
		{F4E5396C-681C-4396-89E2-4C4A50F88591}.Debug_abaqus|Mixed Platforms.ActiveCfg = Debug|Any CPU
		{F4E5396C-681C-4396-89E2-4C4A50F88591}.Debug_abaqus|Win32.ActiveCfg = Debug|Any CPU
		{F4E5396C-681C-4396-89E2-4C4A50F88591}.Debug_abaqus|x64.ActiveCfg = Debug|Any CPU
		{F4E5396C-681C-4396-89E2-4C4A50F88591}.Debug|Any CPU.ActiveCfg = Debug|Any CPU
		{F4E5396C-681C-4396-89E2-4C4A50F88591}.Debug|Mixed Platforms.ActiveCfg = Debug|Any CPU
		{F4E5396C-681C-4396-89E2-4C4A50F88591}.Debug|Win32.ActiveCfg = Debug|Any CPU
		{F4E5396C-681C-4396-89E2-4C4A50F88591}.Debug|x64.ActiveCfg = Debug|Any CPU
		{F4E5396C-681C-4396-89E2-4C4A50F88591}.Release_abaqus|Any CPU.ActiveCfg = Release|Any CPU
		{F4E5396C-681C-4396-89E2-4C4A50F88591}.Release_abaqus|Mixed Platforms.ActiveCfg = Release|Any CPU
		{F4E5396C-681C-4396-89E2-4C4A50F88591}.Release_abaqus|Win32.ActiveCfg = Release|Any CPU
		{F4E5396C-681C-4396-89E2-4C4A50F88591}.Release_abaqus|x64.ActiveCfg = Release|Any CPU
		{F4E5396C-681C-4396-89E2-4C4A50F88591}.Release|Any CPU.ActiveCfg = Release|Any CPU
		{F4E5396C-681C-4396-89E2-4C4A50F88591}.Release|Mixed Platforms.ActiveCfg = Release|Any CPU
		{F4E5396C-681C-4396-89E2-4C4A50F88591}.Release|Win32.ActiveCfg = Release|Any CPU
		{F4E5396C-681C-4396-89E2-4C4A50F88591}.Release|x64.ActiveCfg = Release|Any CPU
		{F4E5396C-681C-4396-89E2-4C4A50F88591}.Release-instrumented|Any CPU.ActiveCfg = Release|Any CPU
		{F4E5396C-681C-4396-89E2-4C4A50F88591}.Release-instrumented|Mixed Platforms.ActiveCfg = Release|Any CPU
		{F4E5396C-681C-4396-89E2-4C4A50F88591}.Release-instrumented|Win32.ActiveCfg = Release|Any CPU
		{F4E5396C-681C-4396-89E2-4C4A50F88591}.Release-instrumented|x64.ActiveCfg = Release|Any CPU
		{916832B9-B724-48DF-861E-979726DBFD69}.Debug_abaqus|Any CPU.ActiveCfg = Debug|Any CPU
		{916832B9-B724-48DF-861E-979726DBFD69}.Debug_abaqus|Mixed Platforms.ActiveCfg = Debug|Any CPU
		{916832B9-B724-48DF-861E-979726DBFD69}.Debug_abaqus|Win32.ActiveCfg = Debug|Any CPU
		{916832B9-B724-48DF-861E-979726DBFD69}.Debug_abaqus|x64.ActiveCfg = Debug|Any CPU
		{916832B9-B724-48DF-861E-979726DBFD69}.Debug|Any CPU.ActiveCfg = Debug|Any CPU
		{916832B9-B724-48DF-861E-979726DBFD69}.Debug|Mixed Platforms.ActiveCfg = Debug|Any CPU
		{916832B9-B724-48DF-861E-979726DBFD69}.Debug|Win32.ActiveCfg = Debug|Any CPU
		{916832B9-B724-48DF-861E-979726DBFD69}.Debug|x64.ActiveCfg = Debug|Any CPU
		{916832B9-B724-48DF-861E-979726DBFD69}.Release_abaqus|Any CPU.ActiveCfg = Release|Any CPU
		{916832B9-B724-48DF-861E-979726DBFD69}.Release_abaqus|Mixed Platforms.ActiveCfg = Release|Any CPU
		{916832B9-B724-48DF-861E-979726DBFD69}.Release_abaqus|Win32.ActiveCfg = Release|Any CPU
		{916832B9-B724-48DF-861E-979726DBFD69}.Release_abaqus|x64.ActiveCfg = Release|Any CPU
		{916832B9-B724-48DF-861E-979726DBFD69}.Release|Any CPU.ActiveCfg = Release|Any CPU
		{916832B9-B724-48DF-861E-979726DBFD69}.Release|Mixed Platforms.ActiveCfg = Release|Any CPU
		{916832B9-B724-48DF-861E-979726DBFD69}.Release|Win32.ActiveCfg = Release|Any CPU
		{916832B9-B724-48DF-861E-979726DBFD69}.Release|x64.ActiveCfg = Release|Any CPU
		{916832B9-B724-48DF-861E-979726DBFD69}.Release-instrumented|Any CPU.ActiveCfg = Release|Any CPU
		{916832B9-B724-48DF-861E-979726DBFD69}.Release-instrumented|Mixed Platforms.ActiveCfg = Release|Any CPU
		{916832B9-B724-48DF-861E-979726DBFD69}.Release-instrumented|Win32.ActiveCfg = Release|Any CPU
		{916832B9-B724-48DF-861E-979726DBFD69}.Release-instrumented|x64.ActiveCfg = Release|Any CPU
		{F951AC66-E940-489A-AC99-A6AC837F1FB7}.Debug_abaqus|Any CPU.ActiveCfg = Debug|Win32
		{F951AC66-E940-489A-AC99-A6AC837F1FB7}.Debug_abaqus|Mixed Platforms.ActiveCfg = Debug|Win32
		{F951AC66-E940-489A-AC99-A6AC837F1FB7}.Debug_abaqus|Mixed Platforms.Build.0 = Debug|Win32
		{F951AC66-E940-489A-AC99-A6AC837F1FB7}.Debug_abaqus|Win32.ActiveCfg = Debug|Win32
		{F951AC66-E940-489A-AC99-A6AC837F1FB7}.Debug_abaqus|Win32.Build.0 = Debug|Win32
		{F951AC66-E940-489A-AC99-A6AC837F1FB7}.Debug_abaqus|x64.ActiveCfg = Debug|Win32
		{F951AC66-E940-489A-AC99-A6AC837F1FB7}.Debug|Any CPU.ActiveCfg = Debug|Win32
		{F951AC66-E940-489A-AC99-A6AC837F1FB7}.Debug|Mixed Platforms.ActiveCfg = Debug|Win32
		{F951AC66-E940-489A-AC99-A6AC837F1FB7}.Debug|Mixed Platforms.Build.0 = Debug|Win32
		{F951AC66-E940-489A-AC99-A6AC837F1FB7}.Debug|Win32.ActiveCfg = Debug|Win32
		{F951AC66-E940-489A-AC99-A6AC837F1FB7}.Debug|Win32.Build.0 = Debug|Win32
		{F951AC66-E940-489A-AC99-A6AC837F1FB7}.Debug|x64.ActiveCfg = Debug|Win32
		{F951AC66-E940-489A-AC99-A6AC837F1FB7}.Release_abaqus|Any CPU.ActiveCfg = Release|Win32
		{F951AC66-E940-489A-AC99-A6AC837F1FB7}.Release_abaqus|Mixed Platforms.ActiveCfg = Release|Win32
		{F951AC66-E940-489A-AC99-A6AC837F1FB7}.Release_abaqus|Mixed Platforms.Build.0 = Release|Win32
		{F951AC66-E940-489A-AC99-A6AC837F1FB7}.Release_abaqus|Win32.ActiveCfg = Release|Win32
		{F951AC66-E940-489A-AC99-A6AC837F1FB7}.Release_abaqus|Win32.Build.0 = Release|Win32
		{F951AC66-E940-489A-AC99-A6AC837F1FB7}.Release_abaqus|x64.ActiveCfg = Release|Win32
		{F951AC66-E940-489A-AC99-A6AC837F1FB7}.Release|Any CPU.ActiveCfg = Release|Win32
		{F951AC66-E940-489A-AC99-A6AC837F1FB7}.Release|Mixed Platforms.ActiveCfg = Release|Win32
		{F951AC66-E940-489A-AC99-A6AC837F1FB7}.Release|Mixed Platforms.Build.0 = Release|Win32
		{F951AC66-E940-489A-AC99-A6AC837F1FB7}.Release|Win32.ActiveCfg = Release|Win32
		{F951AC66-E940-489A-AC99-A6AC837F1FB7}.Release|Win32.Build.0 = Release|Win32
		{F951AC66-E940-489A-AC99-A6AC837F1FB7}.Release|x64.ActiveCfg = Release|Win32
		{F951AC66-E940-489A-AC99-A6AC837F1FB7}.Release-instrumented|Any CPU.ActiveCfg = Release|Win32
		{F951AC66-E940-489A-AC99-A6AC837F1FB7}.Release-instrumented|Mixed Platforms.ActiveCfg = Release|Win32
		{F951AC66-E940-489A-AC99-A6AC837F1FB7}.Release-instrumented|Mixed Platforms.Build.0 = Release|Win32
		{F951AC66-E940-489A-AC99-A6AC837F1FB7}.Release-instrumented|Win32.ActiveCfg = Release|Win32
		{F951AC66-E940-489A-AC99-A6AC837F1FB7}.Release-instrumented|Win32.Build.0 = Release|Win32
		{F951AC66-E940-489A-AC99-A6AC837F1FB7}.Release-instrumented|x64.ActiveCfg = Release|Win32
		{02ACC83B-70B5-4D00-9674-8E9B3149031B}.Debug_abaqus|Any CPU.ActiveCfg = Debug|Win32
		{02ACC83B-70B5-4D00-9674-8E9B3149031B}.Debug_abaqus|Mixed Platforms.ActiveCfg = Debug|Win32
		{02ACC83B-70B5-4D00-9674-8E9B3149031B}.Debug_abaqus|Mixed Platforms.Build.0 = Debug|Win32
		{02ACC83B-70B5-4D00-9674-8E9B3149031B}.Debug_abaqus|Win32.ActiveCfg = Debug|Win32
		{02ACC83B-70B5-4D00-9674-8E9B3149031B}.Debug_abaqus|Win32.Build.0 = Debug|Win32
		{02ACC83B-70B5-4D00-9674-8E9B3149031B}.Debug_abaqus|x64.ActiveCfg = Debug|x64
		{02ACC83B-70B5-4D00-9674-8E9B3149031B}.Debug_abaqus|x64.Build.0 = Debug|x64
		{02ACC83B-70B5-4D00-9674-8E9B3149031B}.Debug|Any CPU.ActiveCfg = Debug|Win32
		{02ACC83B-70B5-4D00-9674-8E9B3149031B}.Debug|Mixed Platforms.ActiveCfg = Debug|Win32
		{02ACC83B-70B5-4D00-9674-8E9B3149031B}.Debug|Mixed Platforms.Build.0 = Debug|Win32
		{02ACC83B-70B5-4D00-9674-8E9B3149031B}.Debug|Win32.ActiveCfg = Debug|Win32
		{02ACC83B-70B5-4D00-9674-8E9B3149031B}.Debug|Win32.Build.0 = Debug|Win32
		{02ACC83B-70B5-4D00-9674-8E9B3149031B}.Debug|x64.ActiveCfg = Debug|x64
		{02ACC83B-70B5-4D00-9674-8E9B3149031B}.Debug|x64.Build.0 = Debug|x64
		{02ACC83B-70B5-4D00-9674-8E9B3149031B}.Release_abaqus|Any CPU.ActiveCfg = Release|Win32
		{02ACC83B-70B5-4D00-9674-8E9B3149031B}.Release_abaqus|Mixed Platforms.ActiveCfg = Release|Win32
		{02ACC83B-70B5-4D00-9674-8E9B3149031B}.Release_abaqus|Mixed Platforms.Build.0 = Release|Win32
		{02ACC83B-70B5-4D00-9674-8E9B3149031B}.Release_abaqus|Win32.ActiveCfg = Release|Win32
		{02ACC83B-70B5-4D00-9674-8E9B3149031B}.Release_abaqus|Win32.Build.0 = Release|Win32
		{02ACC83B-70B5-4D00-9674-8E9B3149031B}.Release_abaqus|x64.ActiveCfg = Release|x64
		{02ACC83B-70B5-4D00-9674-8E9B3149031B}.Release_abaqus|x64.Build.0 = Release|x64
		{02ACC83B-70B5-4D00-9674-8E9B3149031B}.Release|Any CPU.ActiveCfg = Release|Win32
		{02ACC83B-70B5-4D00-9674-8E9B3149031B}.Release|Mixed Platforms.ActiveCfg = Release|Win32
		{02ACC83B-70B5-4D00-9674-8E9B3149031B}.Release|Mixed Platforms.Build.0 = Release|Win32
		{02ACC83B-70B5-4D00-9674-8E9B3149031B}.Release|Win32.ActiveCfg = Release|Win32
		{02ACC83B-70B5-4D00-9674-8E9B3149031B}.Release|Win32.Build.0 = Release|Win32
		{02ACC83B-70B5-4D00-9674-8E9B3149031B}.Release|x64.ActiveCfg = Release|x64
		{02ACC83B-70B5-4D00-9674-8E9B3149031B}.Release|x64.Build.0 = Release|x64
		{02ACC83B-70B5-4D00-9674-8E9B3149031B}.Release-instrumented|Any CPU.ActiveCfg = Release|Win32
		{02ACC83B-70B5-4D00-9674-8E9B3149031B}.Release-instrumented|Mixed Platforms.ActiveCfg = Release|Win32
		{02ACC83B-70B5-4D00-9674-8E9B3149031B}.Release-instrumented|Mixed Platforms.Build.0 = Release|Win32
		{02ACC83B-70B5-4D00-9674-8E9B3149031B}.Release-instrumented|Win32.ActiveCfg = Release|Win32
		{02ACC83B-70B5-4D00-9674-8E9B3149031B}.Release-instrumented|Win32.Build.0 = Release|Win32
		{02ACC83B-70B5-4D00-9674-8E9B3149031B}.Release-instrumented|x64.ActiveCfg = Release|x64
		{02ACC83B-70B5-4D00-9674-8E9B3149031B}.Release-instrumented|x64.Build.0 = Release|x64
	EndGlobalSection
	GlobalSection(SolutionProperties) = preSolution
		HideSolutionNode = FALSE
	EndGlobalSection
	GlobalSection(NestedProjects) = preSolution
		{BE90F1A8-DC67-45F4-B168-5D687878EAD8} = {F0FD6B17-398B-40AB-ACF1-03398B47494E}
		{0F32BCF4-74C8-4668-A57A-410531D6D860} = {F0FD6B17-398B-40AB-ACF1-03398B47494E}
		{48A894A8-DEF0-4103-8323-DA4269DB06E8} = {F0FD6B17-398B-40AB-ACF1-03398B47494E}
		{3DAE2C65-0C11-4D04-ADC3-8E101AD55419} = {F0FD6B17-398B-40AB-ACF1-03398B47494E}
		{F4E5396C-681C-4396-89E2-4C4A50F88591} = {6B506E96-8065-4658-94CC-1A8FC6C232FA}
		{916832B9-B724-48DF-861E-979726DBFD69} = {6B506E96-8065-4658-94CC-1A8FC6C232FA}
		{F951AC66-E940-489A-AC99-A6AC837F1FB7} = {F0FD6B17-398B-40AB-ACF1-03398B47494E}
		{02ACC83B-70B5-4D00-9674-8E9B3149031B} = {F0FD6B17-398B-40AB-ACF1-03398B47494E}
	EndGlobalSection
EndGlobal
