
Microsoft Visual Studio Solution File, Format Version 10.00
# Visual Studio 2008
Project("{6989167D-11E4-40FE-8C1A-2192A86A7E90}") = "alamq", "alamq\alamq.vfproj", "{EE9899D5-E095-468A-B040-C8B661886067}"
	ProjectSection(ProjectDependencies) = postProject
		{81CA2E0C-BD7D-4DA4-BD31-6CB47E774164} = {81CA2E0C-BD7D-4DA4-BD31-6CB47E774164}
		{BE90F1A8-DC67-45F4-B168-5D687878EAD8} = {BE90F1A8-DC67-45F4-B168-5D687878EAD8}
		{B6E4CCAB-5559-4B7E-AC2C-36260E59C3E4} = {B6E4CCAB-5559-4B7E-AC2C-36260E59C3E4}
		{E4A7A5F8-156C-4CDF-BD7F-F815421EDC2E} = {E4A7A5F8-156C-4CDF-BD7F-F815421EDC2E}
	EndProjectSection
EndProject
Project("{2150E333-8FDC-42A3-9474-1A3956D46DE8}") = "deps", "deps", "{F0FD6B17-398B-40AB-ACF1-03398B47494E}"
EndProject
Project("{6989167D-11E4-40FE-8C1A-2192A86A7E90}") = "libalamel", "..\..\..\..\MTM\branches\alamelSub\src\libalamel.vfproj", "{81CA2E0C-BD7D-4DA4-BD31-6CB47E774164}"
EndProject
Project("{6989167D-11E4-40FE-8C1A-2192A86A7E90}") = "libopt", "..\fng\utils\optlib\libopt.vfproj", "{BE90F1A8-DC67-45F4-B168-5D687878EAD8}"
EndProject
Project("{6989167D-11E4-40FE-8C1A-2192A86A7E90}") = "libAlamYLP", "libAlamYLP\libAlamYLP.vfproj", "{E4A7A5F8-156C-4CDF-BD7F-F815421EDC2E}"
	ProjectSection(ProjectDependencies) = postProject
		{81CA2E0C-BD7D-4DA4-BD31-6CB47E774164} = {81CA2E0C-BD7D-4DA4-BD31-6CB47E774164}
		{BE90F1A8-DC67-45F4-B168-5D687878EAD8} = {BE90F1A8-DC67-45F4-B168-5D687878EAD8}
	EndProjectSection
EndProject
Project("{6989167D-11E4-40FE-8C1A-2192A86A7E90}") = "alamsra", "alamsra\alamsra.vfproj", "{2A315D1A-42C9-4299-9100-EE84C1C75797}"
	ProjectSection(ProjectDependencies) = postProject
		{81CA2E0C-BD7D-4DA4-BD31-6CB47E774164} = {81CA2E0C-BD7D-4DA4-BD31-6CB47E774164}
		{BE90F1A8-DC67-45F4-B168-5D687878EAD8} = {BE90F1A8-DC67-45F4-B168-5D687878EAD8}
		{B6E4CCAB-5559-4B7E-AC2C-36260E59C3E4} = {B6E4CCAB-5559-4B7E-AC2C-36260E59C3E4}
		{E4A7A5F8-156C-4CDF-BD7F-F815421EDC2E} = {E4A7A5F8-156C-4CDF-BD7F-F815421EDC2E}
	EndProjectSection
EndProject
Project("{6989167D-11E4-40FE-8C1A-2192A86A7E90}") = "alamShared", "alamShared\alamShared.vfproj", "{B6E4CCAB-5559-4B7E-AC2C-36260E59C3E4}"
	ProjectSection(ProjectDependencies) = postProject
		{81CA2E0C-BD7D-4DA4-BD31-6CB47E774164} = {81CA2E0C-BD7D-4DA4-BD31-6CB47E774164}
		{BE90F1A8-DC67-45F4-B168-5D687878EAD8} = {BE90F1A8-DC67-45F4-B168-5D687878EAD8}
		{E4A7A5F8-156C-4CDF-BD7F-F815421EDC2E} = {E4A7A5F8-156C-4CDF-BD7F-F815421EDC2E}
	EndProjectSection
EndProject
Project("{6989167D-11E4-40FE-8C1A-2192A86A7E90}") = "alamASR", "alamASR\alamASR.vfproj", "{54E42585-0E7E-4A78-A978-8647DE2DDEAE}"
	ProjectSection(ProjectDependencies) = postProject
		{81CA2E0C-BD7D-4DA4-BD31-6CB47E774164} = {81CA2E0C-BD7D-4DA4-BD31-6CB47E774164}
		{BE90F1A8-DC67-45F4-B168-5D687878EAD8} = {BE90F1A8-DC67-45F4-B168-5D687878EAD8}
		{B6E4CCAB-5559-4B7E-AC2C-36260E59C3E4} = {B6E4CCAB-5559-4B7E-AC2C-36260E59C3E4}
		{E4A7A5F8-156C-4CDF-BD7F-F815421EDC2E} = {E4A7A5F8-156C-4CDF-BD7F-F815421EDC2E}
	EndProjectSection
EndProject
Project("{6989167D-11E4-40FE-8C1A-2192A86A7E90}") = "alamDMC", "alamDMC\alamDMC.vfproj", "{5CDAD474-1A24-4AF1-848F-FA43F6EEE8AB}"
	ProjectSection(ProjectDependencies) = postProject
		{81CA2E0C-BD7D-4DA4-BD31-6CB47E774164} = {81CA2E0C-BD7D-4DA4-BD31-6CB47E774164}
		{BE90F1A8-DC67-45F4-B168-5D687878EAD8} = {BE90F1A8-DC67-45F4-B168-5D687878EAD8}
		{B6E4CCAB-5559-4B7E-AC2C-36260E59C3E4} = {B6E4CCAB-5559-4B7E-AC2C-36260E59C3E4}
		{E4A7A5F8-156C-4CDF-BD7F-F815421EDC2E} = {E4A7A5F8-156C-4CDF-BD7F-F815421EDC2E}
	EndProjectSection
EndProject
Global
	GlobalSection(SubversionScc) = preSolution
		Svn-Managed = True
		Manager = AnkhSVN - Subversion Support for Visual Studio
	EndGlobalSection
	GlobalSection(SolutionConfigurationPlatforms) = preSolution
		Debug|Win32 = Debug|Win32
		Release|Win32 = Release|Win32
	EndGlobalSection
	GlobalSection(ProjectConfigurationPlatforms) = postSolution
		{EE9899D5-E095-468A-B040-C8B661886067}.Debug|Win32.ActiveCfg = Debug|Win32
		{EE9899D5-E095-468A-B040-C8B661886067}.Debug|Win32.Build.0 = Debug|Win32
		{EE9899D5-E095-468A-B040-C8B661886067}.Release|Win32.ActiveCfg = Release|Win32
		{EE9899D5-E095-468A-B040-C8B661886067}.Release|Win32.Build.0 = Release|Win32
		{81CA2E0C-BD7D-4DA4-BD31-6CB47E774164}.Debug|Win32.ActiveCfg = DebugMicro|Win32
		{81CA2E0C-BD7D-4DA4-BD31-6CB47E774164}.Debug|Win32.Build.0 = DebugMicro|Win32
		{81CA2E0C-BD7D-4DA4-BD31-6CB47E774164}.Release|Win32.ActiveCfg = ReleaseMicro|Win32
		{81CA2E0C-BD7D-4DA4-BD31-6CB47E774164}.Release|Win32.Build.0 = ReleaseMicro|Win32
		{BE90F1A8-DC67-45F4-B168-5D687878EAD8}.Debug|Win32.ActiveCfg = Debug|Win32
		{BE90F1A8-DC67-45F4-B168-5D687878EAD8}.Debug|Win32.Build.0 = Debug|Win32
		{BE90F1A8-DC67-45F4-B168-5D687878EAD8}.Release|Win32.ActiveCfg = Release|Win32
		{BE90F1A8-DC67-45F4-B168-5D687878EAD8}.Release|Win32.Build.0 = Release|Win32
		{E4A7A5F8-156C-4CDF-BD7F-F815421EDC2E}.Debug|Win32.ActiveCfg = Debug|Win32
		{E4A7A5F8-156C-4CDF-BD7F-F815421EDC2E}.Debug|Win32.Build.0 = Debug|Win32
		{E4A7A5F8-156C-4CDF-BD7F-F815421EDC2E}.Release|Win32.ActiveCfg = Release|Win32
		{E4A7A5F8-156C-4CDF-BD7F-F815421EDC2E}.Release|Win32.Build.0 = Release|Win32
		{2A315D1A-42C9-4299-9100-EE84C1C75797}.Debug|Win32.ActiveCfg = Debug|Win32
		{2A315D1A-42C9-4299-9100-EE84C1C75797}.Debug|Win32.Build.0 = Debug|Win32
		{2A315D1A-42C9-4299-9100-EE84C1C75797}.Release|Win32.ActiveCfg = Release|Win32
		{2A315D1A-42C9-4299-9100-EE84C1C75797}.Release|Win32.Build.0 = Release|Win32
		{B6E4CCAB-5559-4B7E-AC2C-36260E59C3E4}.Debug|Win32.ActiveCfg = Debug|Win32
		{B6E4CCAB-5559-4B7E-AC2C-36260E59C3E4}.Debug|Win32.Build.0 = Debug|Win32
		{B6E4CCAB-5559-4B7E-AC2C-36260E59C3E4}.Release|Win32.ActiveCfg = Release|Win32
		{B6E4CCAB-5559-4B7E-AC2C-36260E59C3E4}.Release|Win32.Build.0 = Release|Win32
		{54E42585-0E7E-4A78-A978-8647DE2DDEAE}.Debug|Win32.ActiveCfg = Debug|Win32
		{54E42585-0E7E-4A78-A978-8647DE2DDEAE}.Debug|Win32.Build.0 = Debug|Win32
		{54E42585-0E7E-4A78-A978-8647DE2DDEAE}.Release|Win32.ActiveCfg = Release|Win32
		{54E42585-0E7E-4A78-A978-8647DE2DDEAE}.Release|Win32.Build.0 = Release|Win32
		{5CDAD474-1A24-4AF1-848F-FA43F6EEE8AB}.Debug|Win32.ActiveCfg = Debug|Win32
		{5CDAD474-1A24-4AF1-848F-FA43F6EEE8AB}.Debug|Win32.Build.0 = Debug|Win32
		{5CDAD474-1A24-4AF1-848F-FA43F6EEE8AB}.Release|Win32.ActiveCfg = Release|Win32
		{5CDAD474-1A24-4AF1-848F-FA43F6EEE8AB}.Release|Win32.Build.0 = Release|Win32
	EndGlobalSection
	GlobalSection(SolutionProperties) = preSolution
		HideSolutionNode = FALSE
	EndGlobalSection
	GlobalSection(NestedProjects) = preSolution
		{81CA2E0C-BD7D-4DA4-BD31-6CB47E774164} = {F0FD6B17-398B-40AB-ACF1-03398B47494E}
		{BE90F1A8-DC67-45F4-B168-5D687878EAD8} = {F0FD6B17-398B-40AB-ACF1-03398B47494E}
	EndGlobalSection
EndGlobal
