
Microsoft Visual Studio Solution File, Format Version 11.00
# Visual Studio 2010
Project("{888888A0-9F3D-457C-B088-3A5042F75D52}") = "BBCVEx", "BBCVEx.pyproj", "{EFA20A37-1D17-432D-A6C6-05ED5AC29527}"
EndProject
Global
	GlobalSection(SolutionConfigurationPlatforms) = preSolution
		Debug|Any CPU = Debug|Any CPU
		Release|Any CPU = Release|Any CPU
	EndGlobalSection
	GlobalSection(ProjectConfigurationPlatforms) = postSolution
		{EFA20A37-1D17-432D-A6C6-05ED5AC29527}.Debug|Any CPU.ActiveCfg = Debug|Any CPU
		{EFA20A37-1D17-432D-A6C6-05ED5AC29527}.Release|Any CPU.ActiveCfg = Release|Any CPU
	EndGlobalSection
	GlobalSection(SolutionProperties) = preSolution
		HideSolutionNode = FALSE
	EndGlobalSection
EndGlobal
