
Microsoft Visual Studio Solution File, Format Version 11.00
# Visual Studio 2010
Project("{6989167D-11E4-40FE-8C1A-2192A86A7E90}") = "AlTay", "AlTay\AlTay.vfproj", "{8663D4BD-D460-4394-871E-0FF3EAB14C60}"
EndProject
Project("{6989167D-11E4-40FE-8C1A-2192A86A7E90}") = "altaySub", "altaySub\altaySub.vfproj", "{0F32BCF4-74C8-4668-A57A-410531D6D860}"
EndProject
Project("{6989167D-11E4-40FE-8C1A-2192A86A7E90}") = "altaySubTest", "altaySubTest\altaySubTest.vfproj", "{CAE224CD-DBFA-4FE3-8AF8-3F4563ADA4F9}"
	ProjectSection(ProjectDependencies) = postProject
		{0F32BCF4-74C8-4668-A57A-410531D6D860} = {0F32BCF4-74C8-4668-A57A-410531D6D860}
	EndProjectSection
EndProject
Global
	GlobalSection(SolutionConfigurationPlatforms) = preSolution
		Debug|Win32 = Debug|Win32
		Intel_SSA|Win32 = Intel_SSA|Win32
		Release|Win32 = Release|Win32
	EndGlobalSection
	GlobalSection(ProjectConfigurationPlatforms) = postSolution
		{8663D4BD-D460-4394-871E-0FF3EAB14C60}.Debug|Win32.ActiveCfg = Debug|Win32
		{8663D4BD-D460-4394-871E-0FF3EAB14C60}.Debug|Win32.Build.0 = Debug|Win32
		{8663D4BD-D460-4394-871E-0FF3EAB14C60}.Intel_SSA|Win32.ActiveCfg = Intel_SSA|Win32
		{8663D4BD-D460-4394-871E-0FF3EAB14C60}.Intel_SSA|Win32.Build.0 = Intel_SSA|Win32
		{8663D4BD-D460-4394-871E-0FF3EAB14C60}.Release|Win32.ActiveCfg = Release|Win32
		{8663D4BD-D460-4394-871E-0FF3EAB14C60}.Release|Win32.Build.0 = Release|Win32
		{0F32BCF4-74C8-4668-A57A-410531D6D860}.Debug|Win32.ActiveCfg = Debug|Win32
		{0F32BCF4-74C8-4668-A57A-410531D6D860}.Debug|Win32.Build.0 = Debug|Win32
		{0F32BCF4-74C8-4668-A57A-410531D6D860}.Intel_SSA|Win32.ActiveCfg = Release|Win32
		{0F32BCF4-74C8-4668-A57A-410531D6D860}.Intel_SSA|Win32.Build.0 = Release|Win32
		{0F32BCF4-74C8-4668-A57A-410531D6D860}.Release|Win32.ActiveCfg = Release|Win32
		{0F32BCF4-74C8-4668-A57A-410531D6D860}.Release|Win32.Build.0 = Release|Win32
		{CAE224CD-DBFA-4FE3-8AF8-3F4563ADA4F9}.Debug|Win32.ActiveCfg = Debug|Win32
		{CAE224CD-DBFA-4FE3-8AF8-3F4563ADA4F9}.Debug|Win32.Build.0 = Debug|Win32
		{CAE224CD-DBFA-4FE3-8AF8-3F4563ADA4F9}.Intel_SSA|Win32.ActiveCfg = Release|Win32
		{CAE224CD-DBFA-4FE3-8AF8-3F4563ADA4F9}.Intel_SSA|Win32.Build.0 = Release|Win32
		{CAE224CD-DBFA-4FE3-8AF8-3F4563ADA4F9}.Release|Win32.ActiveCfg = Release|Win32
		{CAE224CD-DBFA-4FE3-8AF8-3F4563ADA4F9}.Release|Win32.Build.0 = Release|Win32
	EndGlobalSection
	GlobalSection(SolutionProperties) = preSolution
		HideSolutionNode = FALSE
	EndGlobalSection
EndGlobal
