
Microsoft Visual Studio Solution File, Format Version 11.00
# Visual Studio 2010
Project("{888888A0-9F3D-457C-B088-3A5042F75D52}") = "pymp", "pymp.pyproj", "{EBA821C1-7A33-4DA8-A7AC-35B17A34B49B}"
EndProject
Global
	GlobalSection(SolutionConfigurationPlatforms) = preSolution
		Debug|Any CPU = Debug|Any CPU
		Release|Any CPU = Release|Any CPU
	EndGlobalSection
	GlobalSection(ProjectConfigurationPlatforms) = postSolution
		{EBA821C1-7A33-4DA8-A7AC-35B17A34B49B}.Debug|Any CPU.ActiveCfg = Debug|Any CPU
		{EBA821C1-7A33-4DA8-A7AC-35B17A34B49B}.Release|Any CPU.ActiveCfg = Release|Any CPU
	EndGlobalSection
	GlobalSection(SolutionProperties) = preSolution
		HideSolutionNode = FALSE
	EndGlobalSection
EndGlobal
