
Microsoft Visual Studio Solution File, Format Version 12.00
# Visual Studio 2013
VisualStudioVersion = 12.0.30501.0
MinimumVisualStudioVersion = 10.0.40219.1
Project("{6989167D-11E4-40FE-8C1A-2192A86A7E90}") = "libFCRI", "libFCRI\libFCRI.vfproj", "{48A894A8-DEF0-4103-8323-DA4269DB06E8}"
EndProject
Project("{6989167D-11E4-40FE-8C1A-2192A86A7E90}") = "testFCRI", "testFCRI\testFCRI.vfproj", "{BA6BAB96-AA4A-483F-8CE2-FBB34D27A6DC}"
	ProjectSection(ProjectDependencies) = postProject
		{48A894A8-DEF0-4103-8323-DA4269DB06E8} = {48A894A8-DEF0-4103-8323-DA4269DB06E8}
	EndProjectSection
EndProject
Global
	GlobalSection(SolutionConfigurationPlatforms) = preSolution
		Debug_abaqus|Win32 = Debug_abaqus|Win32
		Debug_abaqus|x64 = Debug_abaqus|x64
		Debug|Win32 = Debug|Win32
		Debug|x64 = Debug|x64
		Release_abaqus|Win32 = Release_abaqus|Win32
		Release_abaqus|x64 = Release_abaqus|x64
		Release|Win32 = Release|Win32
		Release|x64 = Release|x64
	EndGlobalSection
	GlobalSection(ProjectConfigurationPlatforms) = postSolution
		{48A894A8-DEF0-4103-8323-DA4269DB06E8}.Debug_abaqus|Win32.ActiveCfg = Debug_abaqus|Win32
		{48A894A8-DEF0-4103-8323-DA4269DB06E8}.Debug_abaqus|Win32.Build.0 = Debug_abaqus|Win32
		{48A894A8-DEF0-4103-8323-DA4269DB06E8}.Debug_abaqus|x64.ActiveCfg = Debug_abaqus|x64
		{48A894A8-DEF0-4103-8323-DA4269DB06E8}.Debug_abaqus|x64.Build.0 = Debug_abaqus|x64
		{48A894A8-DEF0-4103-8323-DA4269DB06E8}.Debug|Win32.ActiveCfg = Debug|Win32
		{48A894A8-DEF0-4103-8323-DA4269DB06E8}.Debug|Win32.Build.0 = Debug|Win32
		{48A894A8-DEF0-4103-8323-DA4269DB06E8}.Debug|x64.ActiveCfg = Debug|x64
		{48A894A8-DEF0-4103-8323-DA4269DB06E8}.Debug|x64.Build.0 = Debug|x64
		{48A894A8-DEF0-4103-8323-DA4269DB06E8}.Release_abaqus|Win32.ActiveCfg = Release_abaqus|Win32
		{48A894A8-DEF0-4103-8323-DA4269DB06E8}.Release_abaqus|Win32.Build.0 = Release_abaqus|Win32
		{48A894A8-DEF0-4103-8323-DA4269DB06E8}.Release_abaqus|x64.ActiveCfg = Release_abaqus|x64
		{48A894A8-DEF0-4103-8323-DA4269DB06E8}.Release_abaqus|x64.Build.0 = Release_abaqus|x64
		{48A894A8-DEF0-4103-8323-DA4269DB06E8}.Release|Win32.ActiveCfg = Release|Win32
		{48A894A8-DEF0-4103-8323-DA4269DB06E8}.Release|Win32.Build.0 = Release|Win32
		{48A894A8-DEF0-4103-8323-DA4269DB06E8}.Release|x64.ActiveCfg = Release|x64
		{48A894A8-DEF0-4103-8323-DA4269DB06E8}.Release|x64.Build.0 = Release|x64
		{BA6BAB96-AA4A-483F-8CE2-FBB34D27A6DC}.Debug_abaqus|Win32.ActiveCfg = Debug|Win32
		{BA6BAB96-AA4A-483F-8CE2-FBB34D27A6DC}.Debug_abaqus|Win32.Build.0 = Debug|Win32
		{BA6BAB96-AA4A-483F-8CE2-FBB34D27A6DC}.Debug_abaqus|x64.ActiveCfg = Debug|x64
		{BA6BAB96-AA4A-483F-8CE2-FBB34D27A6DC}.Debug_abaqus|x64.Build.0 = Debug|x64
		{BA6BAB96-AA4A-483F-8CE2-FBB34D27A6DC}.Debug|Win32.ActiveCfg = Debug|Win32
		{BA6BAB96-AA4A-483F-8CE2-FBB34D27A6DC}.Debug|Win32.Build.0 = Debug|Win32
		{BA6BAB96-AA4A-483F-8CE2-FBB34D27A6DC}.Debug|x64.ActiveCfg = Debug|x64
		{BA6BAB96-AA4A-483F-8CE2-FBB34D27A6DC}.Debug|x64.Build.0 = Debug|x64
		{BA6BAB96-AA4A-483F-8CE2-FBB34D27A6DC}.Release_abaqus|Win32.ActiveCfg = Release|Win32
		{BA6BAB96-AA4A-483F-8CE2-FBB34D27A6DC}.Release_abaqus|Win32.Build.0 = Release|Win32
		{BA6BAB96-AA4A-483F-8CE2-FBB34D27A6DC}.Release_abaqus|x64.ActiveCfg = Release|x64
		{BA6BAB96-AA4A-483F-8CE2-FBB34D27A6DC}.Release_abaqus|x64.Build.0 = Release|x64
		{BA6BAB96-AA4A-483F-8CE2-FBB34D27A6DC}.Release|Win32.ActiveCfg = Release|Win32
		{BA6BAB96-AA4A-483F-8CE2-FBB34D27A6DC}.Release|Win32.Build.0 = Release|Win32
		{BA6BAB96-AA4A-483F-8CE2-FBB34D27A6DC}.Release|x64.ActiveCfg = Release|x64
		{BA6BAB96-AA4A-483F-8CE2-FBB34D27A6DC}.Release|x64.Build.0 = Release|x64
	EndGlobalSection
	GlobalSection(SolutionProperties) = preSolution
		HideSolutionNode = FALSE
	EndGlobalSection
EndGlobal
