
Microsoft Visual Studio Solution File, Format Version 10.00
# Visual Studio 2008
Project("{6989167D-11E4-40FE-8C1A-2192A86A7E90}") = "alamel", "alamel.vfproj", "{366442E9-62A5-4E17-A166-62B52266222D}"
EndProject
Project("{6989167D-11E4-40FE-8C1A-2192A86A7E90}") = "libalamel", "libalamel.vfproj", "{81CA2E0C-BD7D-4DA4-BD31-6CB47E774164}"
EndProject
Project("{6989167D-11E4-40FE-8C1A-2192A86A7E90}") = "alamelSubTest", "alamelSubTest.vfproj", "{B560BEB9-F77F-463F-83A3-C34C1A113F46}"
	ProjectSection(ProjectDependencies) = postProject
		{81CA2E0C-BD7D-4DA4-BD31-6CB47E774164} = {81CA2E0C-BD7D-4DA4-BD31-6CB47E774164}
	EndProjectSection
EndProject
Global
	GlobalSection(SubversionScc) = preSolution
		Svn-Managed = True
		Manager = AnkhSVN - Subversion Support for Visual Studio
	EndGlobalSection
	GlobalSection(SolutionConfigurationPlatforms) = preSolution
		Debug|Win32 = Debug|Win32
		Release|Win32 = Release|Win32
	EndGlobalSection
	GlobalSection(ProjectConfigurationPlatforms) = postSolution
		{366442E9-62A5-4E17-A166-62B52266222D}.Debug|Win32.ActiveCfg = Debug|Win32
		{366442E9-62A5-4E17-A166-62B52266222D}.Debug|Win32.Build.0 = Debug|Win32
		{366442E9-62A5-4E17-A166-62B52266222D}.Release|Win32.ActiveCfg = Release|Win32
		{366442E9-62A5-4E17-A166-62B52266222D}.Release|Win32.Build.0 = Release|Win32
		{81CA2E0C-BD7D-4DA4-BD31-6CB47E774164}.Debug|Win32.ActiveCfg = Debug|Win32
		{81CA2E0C-BD7D-4DA4-BD31-6CB47E774164}.Debug|Win32.Build.0 = Debug|Win32
		{81CA2E0C-BD7D-4DA4-BD31-6CB47E774164}.Release|Win32.ActiveCfg = Release|Win32
		{81CA2E0C-BD7D-4DA4-BD31-6CB47E774164}.Release|Win32.Build.0 = Release|Win32
		{B560BEB9-F77F-463F-83A3-C34C1A113F46}.Debug|Win32.ActiveCfg = Debug|Win32
		{B560BEB9-F77F-463F-83A3-C34C1A113F46}.Debug|Win32.Build.0 = Debug|Win32
		{B560BEB9-F77F-463F-83A3-C34C1A113F46}.Release|Win32.ActiveCfg = Release|Win32
		{B560BEB9-F77F-463F-83A3-C34C1A113F46}.Release|Win32.Build.0 = Release|Win32
	EndGlobalSection
	GlobalSection(SolutionProperties) = preSolution
		HideSolutionNode = FALSE
	EndGlobalSection
EndGlobal
